
Microsoft Visual Studio Solution File, Format Version 12.00
# Visual Studio Version 17
VisualStudioVersion = 17.9.34622.214
MinimumVisualStudioVersion = 10.0.40219.1
Project("{FAE04EC0-301F-11D3-BF4B-00C04F79EFBC}") = "Module_4", "Module_4\Module_4.csproj", "{438F24A1-9E4B-4C2C-89C5-7FD79D50AB14}"
EndProject
Global
	GlobalSection(SolutionConfigurationPlatforms) = preSolution
		Debug|Any CPU = Debug|Any CPU
		Release|Any CPU = Release|Any CPU
	EndGlobalSection
	GlobalSection(ProjectConfigurationPlatforms) = postSolution
		{438F24A1-9E4B-4C2C-89C5-7FD79D50AB14}.Debug|Any CPU.ActiveCfg = Debug|Any CPU
		{438F24A1-9E4B-4C2C-89C5-7FD79D50AB14}.Debug|Any CPU.Build.0 = Debug|Any CPU
		{438F24A1-9E4B-4C2C-89C5-7FD79D50AB14}.Release|Any CPU.ActiveCfg = Release|Any CPU
		{438F24A1-9E4B-4C2C-89C5-7FD79D50AB14}.Release|Any CPU.Build.0 = Release|Any CPU
	EndGlobalSection
	GlobalSection(SolutionProperties) = preSolution
		HideSolutionNode = FALSE
	EndGlobalSection
	GlobalSection(ExtensibilityGlobals) = postSolution
		SolutionGuid = {C83CE721-EF33-4E48-8821-B0538A86569E}
	EndGlobalSection
EndGlobal
